// !$*UTF8*$!
{
	archiveVersion = 1;
	classes = {
	};
	objectVersion = 46;
	objects = {

/* Begin PBXBuildFile section */
		689C8ED61DA509F0006E2483 /* String.cpp in Sources */ = {isa = PBXBuildFile; fileRef = 689C8ED41DA509F0006E2483 /* String.cpp */; };
		689C8EDC1DA50A3F006E2483 /* DataBase.cpp in Sources */ = {isa = PBXBuildFile; fileRef = 689C8EDA1DA50A3F006E2483 /* DataBase.cpp */; };
		A98F34AE1D9A6E5000141BFC /* main.cpp in Sources */ = {isa = PBXBuildFile; fileRef = A98F34AD1D9A6E5000141BFC /* main.cpp */; };
		A98F34B61DA0F1FD00141BFC /* Table.cpp in Sources */ = {isa = PBXBuildFile; fileRef = A98F34B41DA0F1FD00141BFC /* Table.cpp */; };
		A98F34BC1DAB8E0200141BFC /* Row.cpp in Sources */ = {isa = PBXBuildFile; fileRef = A98F34BA1DAB8E0200141BFC /* Row.cpp */; };
		A98F34BF1DB6198800141BFC /* DBFileLoader.cpp in Sources */ = {isa = PBXBuildFile; fileRef = A98F34BD1DB6198800141BFC /* DBFileLoader.cpp */; };
/* End PBXBuildFile section */

/* Begin PBXCopyFilesBuildPhase section */
		A98F34A81D9A6E4F00141BFC /* CopyFiles */ = {
			isa = PBXCopyFilesBuildPhase;
			buildActionMask = 2147483647;
			dstPath = /usr/share/man/man1/;
			dstSubfolderSpec = 0;
			files = (
			);
			runOnlyForDeploymentPostprocessing = 1;
		};
/* End PBXCopyFilesBuildPhase section */

/* Begin PBXFileReference section */
		689C8ED41DA509F0006E2483 /* String.cpp */ = {isa = PBXFileReference; fileEncoding = 4; lastKnownFileType = sourcecode.cpp.cpp; path = String.cpp; sourceTree = "<group>"; };
		689C8ED51DA509F0006E2483 /* String.hpp */ = {isa = PBXFileReference; fileEncoding = 4; lastKnownFileType = sourcecode.cpp.h; path = String.hpp; sourceTree = "<group>"; };
		689C8EDA1DA50A3F006E2483 /* DataBase.cpp */ = {isa = PBXFileReference; fileEncoding = 4; lastKnownFileType = sourcecode.cpp.cpp; path = DataBase.cpp; sourceTree = "<group>"; };
		689C8EDB1DA50A3F006E2483 /* DataBase.hpp */ = {isa = PBXFileReference; fileEncoding = 4; lastKnownFileType = sourcecode.cpp.h; path = DataBase.hpp; sourceTree = "<group>"; };
		A98F34AA1D9A6E5000141BFC /* RelationalDB */ = {isa = PBXFileReference; explicitFileType = "compiled.mach-o.executable"; includeInIndex = 0; path = RelationalDB; sourceTree = BUILT_PRODUCTS_DIR; };
		A98F34AD1D9A6E5000141BFC /* main.cpp */ = {isa = PBXFileReference; lastKnownFileType = sourcecode.cpp.cpp; path = main.cpp; sourceTree = "<group>"; };
		A98F34B41DA0F1FD00141BFC /* Table.cpp */ = {isa = PBXFileReference; fileEncoding = 4; lastKnownFileType = sourcecode.cpp.cpp; path = Table.cpp; sourceTree = "<group>"; };
		A98F34B51DA0F1FD00141BFC /* Table.hpp */ = {isa = PBXFileReference; fileEncoding = 4; lastKnownFileType = sourcecode.cpp.h; path = Table.hpp; sourceTree = "<group>"; };
		A98F34BA1DAB8E0200141BFC /* Row.cpp */ = {isa = PBXFileReference; fileEncoding = 4; lastKnownFileType = sourcecode.cpp.cpp; path = Row.cpp; sourceTree = "<group>"; };
		A98F34BB1DAB8E0200141BFC /* Row.hpp */ = {isa = PBXFileReference; fileEncoding = 4; lastKnownFileType = sourcecode.cpp.h; path = Row.hpp; sourceTree = "<group>"; };
		A98F34BD1DB6198800141BFC /* DBFileLoader.cpp */ = {isa = PBXFileReference; fileEncoding = 4; lastKnownFileType = sourcecode.cpp.cpp; name = DBFileLoader.cpp; path = ../DBFileLoader.cpp; sourceTree = "<group>"; };
		A98F34BE1DB6198800141BFC /* DBFileLoader.hpp */ = {isa = PBXFileReference; fileEncoding = 4; lastKnownFileType = sourcecode.cpp.h; name = DBFileLoader.hpp; path = ../DBFileLoader.hpp; sourceTree = "<group>"; };
/* End PBXFileReference section */

/* Begin PBXFrameworksBuildPhase section */
		A98F34A71D9A6E4F00141BFC /* Frameworks */ = {
			isa = PBXFrameworksBuildPhase;
			buildActionMask = 2147483647;
			files = (
			);
			runOnlyForDeploymentPostprocessing = 0;
		};
/* End PBXFrameworksBuildPhase section */

/* Begin PBXGroup section */
		A98F34A11D9A6E4F00141BFC = {
			isa = PBXGroup;
			children = (
				A98F34AC1D9A6E5000141BFC /* RelationalDB */,
				A98F34AB1D9A6E5000141BFC /* Products */,
			);
			sourceTree = "<group>";
		};
		A98F34AB1D9A6E5000141BFC /* Products */ = {
			isa = PBXGroup;
			children = (
				A98F34AA1D9A6E5000141BFC /* RelationalDB */,
			);
			name = Products;
			sourceTree = "<group>";
		};
		A98F34AC1D9A6E5000141BFC /* RelationalDB */ = {
			isa = PBXGroup;
			children = (
				A98F34BD1DB6198800141BFC /* DBFileLoader.cpp */,
				A98F34BE1DB6198800141BFC /* DBFileLoader.hpp */,
				689C8ED41DA509F0006E2483 /* String.cpp */,
				689C8ED51DA509F0006E2483 /* String.hpp */,
				A98F34BA1DAB8E0200141BFC /* Row.cpp */,
				A98F34BB1DAB8E0200141BFC /* Row.hpp */,
				689C8EDA1DA50A3F006E2483 /* DataBase.cpp */,
				689C8EDB1DA50A3F006E2483 /* DataBase.hpp */,
				A98F34AD1D9A6E5000141BFC /* main.cpp */,
				A98F34B41DA0F1FD00141BFC /* Table.cpp */,
				A98F34B51DA0F1FD00141BFC /* Table.hpp */,
			);
			path = RelationalDB;
			sourceTree = "<group>";
		};
/* End PBXGroup section */

/* Begin PBXNativeTarget section */
		A98F34A91D9A6E4F00141BFC /* RelationalDB */ = {
			isa = PBXNativeTarget;
			buildConfigurationList = A98F34B11D9A6E5000141BFC /* Build configuration list for PBXNativeTarget "RelationalDB" */;
			buildPhases = (
				A98F34A61D9A6E4F00141BFC /* Sources */,
				A98F34A71D9A6E4F00141BFC /* Frameworks */,
				A98F34A81D9A6E4F00141BFC /* CopyFiles */,
			);
			buildRules = (
			);
			dependencies = (
			);
			name = RelationalDB;
			productName = RelationalDB;
			productReference = A98F34AA1D9A6E5000141BFC /* RelationalDB */;
			productType = "com.apple.product-type.tool";
		};
/* End PBXNativeTarget section */

/* Begin PBXProject section */
		A98F34A21D9A6E4F00141BFC /* Project object */ = {
			isa = PBXProject;
			attributes = {
				LastUpgradeCheck = 0720;
				ORGANIZATIONNAME = xxx;
				TargetAttributes = {
					A98F34A91D9A6E4F00141BFC = {
						CreatedOnToolsVersion = 7.2.1;
					};
				};
			};
			buildConfigurationList = A98F34A51D9A6E4F00141BFC /* Build configuration list for PBXProject "RelationalDB" */;
			compatibilityVersion = "Xcode 3.2";
			developmentRegion = English;
			hasScannedForEncodings = 0;
			knownRegions = (
				en,
			);
			mainGroup = A98F34A11D9A6E4F00141BFC;
			productRefGroup = A98F34AB1D9A6E5000141BFC /* Products */;
			projectDirPath = "";
			projectRoot = "";
			targets = (
				A98F34A91D9A6E4F00141BFC /* RelationalDB */,
			);
		};
/* End PBXProject section */

/* Begin PBXSourcesBuildPhase section */
		A98F34A61D9A6E4F00141BFC /* Sources */ = {
			isa = PBXSourcesBuildPhase;
			buildActionMask = 2147483647;
			files = (
				A98F34BF1DB6198800141BFC /* DBFileLoader.cpp in Sources */,
				A98F34B61DA0F1FD00141BFC /* Table.cpp in Sources */,
				A98F34BC1DAB8E0200141BFC /* Row.cpp in Sources */,
				689C8ED61DA509F0006E2483 /* String.cpp in Sources */,
				689C8EDC1DA50A3F006E2483 /* DataBase.cpp in Sources */,
				A98F34AE1D9A6E5000141BFC /* main.cpp in Sources */,
			);
			runOnlyForDeploymentPostprocessing = 0;
		};
/* End PBXSourcesBuildPhase section */

/* Begin XCBuildConfiguration section */
		A98F34AF1D9A6E5000141BFC /* Debug */ = {
			isa = XCBuildConfiguration;
			buildSettings = {
				ALWAYS_SEARCH_USER_PATHS = NO;
				CLANG_CXX_LANGUAGE_STANDARD = "gnu++0x";
				CLANG_CXX_LIBRARY = "libc++";
				CLANG_ENABLE_MODULES = YES;
				CLANG_ENABLE_OBJC_ARC = YES;
				CLANG_WARN_BOOL_CONVERSION = YES;
				CLANG_WARN_CONSTANT_CONVERSION = YES;
				CLANG_WARN_DIRECT_OBJC_ISA_USAGE = YES_ERROR;
				CLANG_WARN_EMPTY_BODY = YES;
				CLANG_WARN_ENUM_CONVERSION = YES;
				CLANG_WARN_INT_CONVERSION = YES;
				CLANG_WARN_OBJC_ROOT_CLASS = YES_ERROR;
				CLANG_WARN_UNREACHABLE_CODE = YES;
				CLANG_WARN__DUPLICATE_METHOD_MATCH = YES;
				CODE_SIGN_IDENTITY = "-";
				COPY_PHASE_STRIP = NO;
				DEBUG_INFORMATION_FORMAT = dwarf;
				ENABLE_STRICT_OBJC_MSGSEND = YES;
				ENABLE_TESTABILITY = YES;
				GCC_C_LANGUAGE_STANDARD = gnu99;
				GCC_DYNAMIC_NO_PIC = NO;
				GCC_NO_COMMON_BLOCKS = YES;
				GCC_OPTIMIZATION_LEVEL = 0;
				GCC_PREPROCESSOR_DEFINITIONS = (
					"DEBUG=1",
					"$(inherited)",
				);
				GCC_WARN_64_TO_32_BIT_CONVERSION = YES;
				GCC_WARN_ABOUT_RETURN_TYPE = YES_ERROR;
				GCC_WARN_UNDECLARED_SELECTOR = YES;
				GCC_WARN_UNINITIALIZED_AUTOS = YES_AGGRESSIVE;
				GCC_WARN_UNUSED_FUNCTION = YES;
				GCC_WARN_UNUSED_VARIABLE = YES;
				MACOSX_DEPLOYMENT_TARGET = 10.10;
				MTL_ENABLE_DEBUG_INFO = YES;
				ONLY_ACTIVE_ARCH = YES;
				SDKROOT = macosx;
			};
			name = Debug;
		};
		A98F34B01D9A6E5000141BFC /* Release */ = {
			isa = XCBuildConfiguration;
			buildSettings = {
				ALWAYS_SEARCH_USER_PATHS = NO;
				CLANG_CXX_LANGUAGE_STANDARD = "gnu++0x";
				CLANG_CXX_LIBRARY = "libc++";
				CLANG_ENABLE_MODULES = YES;
				CLANG_ENABLE_OBJC_ARC = YES;
				CLANG_WARN_BOOL_CONVERSION = YES;
				CLANG_WARN_CONSTANT_CONVERSION = YES;
				CLANG_WARN_DIRECT_OBJC_ISA_USAGE = YES_ERROR;
				CLANG_WARN_EMPTY_BODY = YES;
				CLANG_WARN_ENUM_CONVERSION = YES;
				CLANG_WARN_INT_CONVERSION = YES;
				CLANG_WARN_OBJC_ROOT_CLASS = YES_ERROR;
				CLANG_WARN_UNREACHABLE_CODE = YES;
				CLANG_WARN__DUPLICATE_METHOD_MATCH = YES;
				CODE_SIGN_IDENTITY = "-";
				COPY_PHASE_STRIP = NO;
				DEBUG_INFORMATION_FORMAT = "dwarf-with-dsym";
				ENABLE_NS_ASSERTIONS = NO;
				ENABLE_STRICT_OBJC_MSGSEND = YES;
				GCC_C_LANGUAGE_STANDARD = gnu99;
				GCC_NO_COMMON_BLOCKS = YES;
				GCC_WARN_64_TO_32_BIT_CONVERSION = YES;
				GCC_WARN_ABOUT_RETURN_TYPE = YES_ERROR;
				GCC_WARN_UNDECLARED_SELECTOR = YES;
				GCC_WARN_UNINITIALIZED_AUTOS = YES_AGGRESSIVE;
				GCC_WARN_UNUSED_FUNCTION = YES;
				GCC_WARN_UNUSED_VARIABLE = YES;
				MACOSX_DEPLOYMENT_TARGET = 10.10;
				MTL_ENABLE_DEBUG_INFO = NO;
				SDKROOT = macosx;
			};
			name = Release;
		};
		A98F34B21D9A6E5000141BFC /* Debug */ = {
			isa = XCBuildConfiguration;
			buildSettings = {
				ARCHS = "$(ARCHS_STANDARD_32_64_BIT)";
				PRODUCT_NAME = "$(TARGET_NAME)";
			};
			name = Debug;
		};
		A98F34B31D9A6E5000141BFC /* Release */ = {
			isa = XCBuildConfiguration;
			buildSettings = {
				ARCHS = "$(ARCHS_STANDARD_32_64_BIT)";
				PRODUCT_NAME = "$(TARGET_NAME)";
			};
			name = Release;
		};
/* End XCBuildConfiguration section */

/* Begin XCConfigurationList section */
		A98F34A51D9A6E4F00141BFC /* Build configuration list for PBXProject "RelationalDB" */ = {
			isa = XCConfigurationList;
			buildConfigurations = (
				A98F34AF1D9A6E5000141BFC /* Debug */,
				A98F34B01D9A6E5000141BFC /* Release */,
			);
			defaultConfigurationIsVisible = 0;
			defaultConfigurationName = Release;
		};
		A98F34B11D9A6E5000141BFC /* Build configuration list for PBXNativeTarget "RelationalDB" */ = {
			isa = XCConfigurationList;
			buildConfigurations = (
				A98F34B21D9A6E5000141BFC /* Debug */,
				A98F34B31D9A6E5000141BFC /* Release */,
			);
			defaultConfigurationIsVisible = 0;
			defaultConfigurationName = Release;
		};
/* End XCConfigurationList section */
	};
	rootObject = A98F34A21D9A6E4F00141BFC /* Project object */;
}
